
Microsoft Visual Studio Solution File, Format Version 12.00
# Visual Studio Version 17
VisualStudioVersion = 17.14.36202.13
MinimumVisualStudioVersion = 10.0.40219.1
Project("{2150E333-8FDC-42A3-9474-1A3956D46DE8}") = "src", "src", "{02EA681E-C7D8-13C7-8484-4AC65E1B71E8}"
EndProject
Project("{FAE04EC0-301F-11D3-BF4B-00C04F79EFBC}") = "LMS.Domain", "LMS.Domain\LMS.Domain.csproj", "{55C07167-A0D9-424A-9184-37189ADF4DAF}"
EndProject
Project("{FAE04EC0-301F-11D3-BF4B-00C04F79EFBC}") = "LMS.Infrastructure", "LMS.Infrastructure\LMS.Infrastructure.csproj", "{D3B3DD8C-C7CC-4D2F-B6D6-BBD9941E6F87}"
EndProject
Project("{FAE04EC0-301F-11D3-BF4B-00C04F79EFBC}") = "LMS.Application", "LMS.Application\LMS.Application.csproj", "{D5C60114-7908-43EC-BED4-B261B22B2C32}"
EndProject
Project("{FAE04EC0-301F-11D3-BF4B-00C04F79EFBC}") = "LMS.Presentation", "LMS.Presentation\LMS.Presentation.csproj", "{FB4A4F6D-AD7E-41BA-A03A-C67A145F5482}"
EndProject
Global
	GlobalSection(SolutionConfigurationPlatforms) = preSolution
		Debug|Any CPU = Debug|Any CPU
		Release|Any CPU = Release|Any CPU
	EndGlobalSection
	GlobalSection(ProjectConfigurationPlatforms) = postSolution
		{55C07167-A0D9-424A-9184-37189ADF4DAF}.Debug|Any CPU.ActiveCfg = Debug|Any CPU
		{55C07167-A0D9-424A-9184-37189ADF4DAF}.Debug|Any CPU.Build.0 = Debug|Any CPU
		{55C07167-A0D9-424A-9184-37189ADF4DAF}.Release|Any CPU.ActiveCfg = Release|Any CPU
		{55C07167-A0D9-424A-9184-37189ADF4DAF}.Release|Any CPU.Build.0 = Release|Any CPU
		{D3B3DD8C-C7CC-4D2F-B6D6-BBD9941E6F87}.Debug|Any CPU.ActiveCfg = Debug|Any CPU
		{D3B3DD8C-C7CC-4D2F-B6D6-BBD9941E6F87}.Debug|Any CPU.Build.0 = Debug|Any CPU
		{D3B3DD8C-C7CC-4D2F-B6D6-BBD9941E6F87}.Release|Any CPU.ActiveCfg = Release|Any CPU
		{D3B3DD8C-C7CC-4D2F-B6D6-BBD9941E6F87}.Release|Any CPU.Build.0 = Release|Any CPU
		{D5C60114-7908-43EC-BED4-B261B22B2C32}.Debug|Any CPU.ActiveCfg = Debug|Any CPU
		{D5C60114-7908-43EC-BED4-B261B22B2C32}.Debug|Any CPU.Build.0 = Debug|Any CPU
		{D5C60114-7908-43EC-BED4-B261B22B2C32}.Release|Any CPU.ActiveCfg = Release|Any CPU
		{D5C60114-7908-43EC-BED4-B261B22B2C32}.Release|Any CPU.Build.0 = Release|Any CPU
		{FB4A4F6D-AD7E-41BA-A03A-C67A145F5482}.Debug|Any CPU.ActiveCfg = Debug|Any CPU
		{FB4A4F6D-AD7E-41BA-A03A-C67A145F5482}.Debug|Any CPU.Build.0 = Debug|Any CPU
		{FB4A4F6D-AD7E-41BA-A03A-C67A145F5482}.Release|Any CPU.ActiveCfg = Release|Any CPU
		{FB4A4F6D-AD7E-41BA-A03A-C67A145F5482}.Release|Any CPU.Build.0 = Release|Any CPU
	EndGlobalSection
	GlobalSection(SolutionProperties) = preSolution
		HideSolutionNode = FALSE
	EndGlobalSection
	GlobalSection(NestedProjects) = preSolution
		{55C07167-A0D9-424A-9184-37189ADF4DAF} = {02EA681E-C7D8-13C7-8484-4AC65E1B71E8}
		{D3B3DD8C-C7CC-4D2F-B6D6-BBD9941E6F87} = {02EA681E-C7D8-13C7-8484-4AC65E1B71E8}
		{D5C60114-7908-43EC-BED4-B261B22B2C32} = {02EA681E-C7D8-13C7-8484-4AC65E1B71E8}
		{FB4A4F6D-AD7E-41BA-A03A-C67A145F5482} = {02EA681E-C7D8-13C7-8484-4AC65E1B71E8}
	EndGlobalSection
	GlobalSection(ExtensibilityGlobals) = postSolution
		SolutionGuid = {7A208DFD-A4B0-4C62-8B37-D336E68BCE27}
	EndGlobalSection
EndGlobal
